
Microsoft Visual Studio Solution File, Format Version 12.00
# Visual Studio 2013
VisualStudioVersion = 12.0.30723.0
MinimumVisualStudioVersion = 10.0.40219.1
Project("{8BC9CEB8-8B4A-11D0-8D11-00A0C91BC942}") = "cppPrimerChapterOne", "cppPrimerChapterOne\cppPrimerChapterOne.vcxproj", "{A12797DA-A5B1-4D3E-B29F-EED01B29D297}"
EndProject
Global
	GlobalSection(SolutionConfigurationPlatforms) = preSolution
		Debug|Win32 = Debug|Win32
		Release|Win32 = Release|Win32
	EndGlobalSection
	GlobalSection(ProjectConfigurationPlatforms) = postSolution
		{A12797DA-A5B1-4D3E-B29F-EED01B29D297}.Debug|Win32.ActiveCfg = Debug|Win32
		{A12797DA-A5B1-4D3E-B29F-EED01B29D297}.Debug|Win32.Build.0 = Debug|Win32
		{A12797DA-A5B1-4D3E-B29F-EED01B29D297}.Release|Win32.ActiveCfg = Release|Win32
		{A12797DA-A5B1-4D3E-B29F-EED01B29D297}.Release|Win32.Build.0 = Release|Win32
	EndGlobalSection
	GlobalSection(SolutionProperties) = preSolution
		HideSolutionNode = FALSE
	EndGlobalSection
EndGlobal
